{
  "name": "Kimi_Agent_แดชบอร์ดการเงิน",
  "lockfileVersion": 3,
  "requires": true,
  "packages": {
    "": {
      "dependencies": {
        "pocketbase": "^0.26.8"
      }
    },
    "node_modules/pocketbase": {
      "version": "0.26.8",
      "resolved": "https://registry.npmjs.org/pocketbase/-/pocketbase-0.26.8.tgz",
      "integrity": "sha512-aQ/ewvS7ncvAE8wxoW10iAZu6ElgbeFpBhKPnCfvRovNzm2gW8u/sQNPGN6vNgVEagz44kK//C61oKjfa+7Low==",
      "license": "MIT"
    }
  }
}
